
Microsoft Visual Studio Solution File, Format Version 12.00
# Visual Studio 15
VisualStudioVersion = 15.0.28307.421
MinimumVisualStudioVersion = 10.0.40219.1
Project("{8BC9CEB8-8B4A-11D0-8D11-00A0C91BC942}") = "engine", "engine\engine.vcxproj", "{7C8D5F4C-DA13-498D-B234-F3CAE3448D41}"
EndProject
Project("{8BC9CEB8-8B4A-11D0-8D11-00A0C91BC942}") = "platform", "platform\platform.vcxproj", "{9791307D-4466-4CF9-BAD9-BE35CC6DCAD3}"
	ProjectSection(ProjectDependencies) = postProject
		{9C7CF433-C5FC-450F-AF4D-9EF2F59DCD22} = {9C7CF433-C5FC-450F-AF4D-9EF2F59DCD22}
		{99EB5BA1-18CB-439B-8782-987AB179C527} = {99EB5BA1-18CB-439B-8782-987AB179C527}
		{346F6AA8-F8E9-4764-B832-EE3D30BDF2B3} = {346F6AA8-F8E9-4764-B832-EE3D30BDF2B3}
	EndProjectSection
EndProject
Project("{8BC9CEB8-8B4A-11D0-8D11-00A0C91BC942}") = "game", "game\game.vcxproj", "{C434EA41-FC5F-4D9E-B051-4117283FF927}"
EndProject
Project("{2150E333-8FDC-42A3-9474-1A3956D46DE8}") = "vendor", "vendor", "{7098FBD1-9AFE-486F-A1FD-6B27EB90704E}"
EndProject
Project("{8BC9CEB8-8B4A-11D0-8D11-00A0C91BC942}") = "glad", "vendor\glad\glad.vcxproj", "{9C7CF433-C5FC-450F-AF4D-9EF2F59DCD22}"
EndProject
Project("{8BC9CEB8-8B4A-11D0-8D11-00A0C91BC942}") = "imgui", "vendor\imgui\imgui.vcxproj", "{346F6AA8-F8E9-4764-B832-EE3D30BDF2B3}"
EndProject
Project("{8BC9CEB8-8B4A-11D0-8D11-00A0C91BC942}") = "stb", "vendor\stb\stb.vcxproj", "{99EB5BA1-18CB-439B-8782-987AB179C527}"
EndProject
Project("{8BC9CEB8-8B4A-11D0-8D11-00A0C91BC942}") = "shapes", "shapes\shapes.vcxproj", "{2C1B543F-C267-40D2-A4C6-522101C4FFD2}"
	ProjectSection(ProjectDependencies) = postProject
		{1B83140D-BF02-4CE1-9050-449B0D44DB98} = {1B83140D-BF02-4CE1-9050-449B0D44DB98}
		{9791307D-4466-4CF9-BAD9-BE35CC6DCAD3} = {9791307D-4466-4CF9-BAD9-BE35CC6DCAD3}
	EndProjectSection
EndProject
Project("{8BC9CEB8-8B4A-11D0-8D11-00A0C91BC942}") = "render", "render\render.vcxproj", "{1B83140D-BF02-4CE1-9050-449B0D44DB98}"
EndProject
Global
	GlobalSection(SolutionConfigurationPlatforms) = preSolution
		Debug|x64 = Debug|x64
		Debug|x86 = Debug|x86
		Release|x64 = Release|x64
		Release|x86 = Release|x86
	EndGlobalSection
	GlobalSection(ProjectConfigurationPlatforms) = postSolution
		{7C8D5F4C-DA13-498D-B234-F3CAE3448D41}.Debug|x64.ActiveCfg = Debug|x64
		{7C8D5F4C-DA13-498D-B234-F3CAE3448D41}.Debug|x64.Build.0 = Debug|x64
		{7C8D5F4C-DA13-498D-B234-F3CAE3448D41}.Debug|x86.ActiveCfg = Debug|Win32
		{7C8D5F4C-DA13-498D-B234-F3CAE3448D41}.Debug|x86.Build.0 = Debug|Win32
		{7C8D5F4C-DA13-498D-B234-F3CAE3448D41}.Release|x64.ActiveCfg = Release|x64
		{7C8D5F4C-DA13-498D-B234-F3CAE3448D41}.Release|x64.Build.0 = Release|x64
		{7C8D5F4C-DA13-498D-B234-F3CAE3448D41}.Release|x86.ActiveCfg = Release|Win32
		{7C8D5F4C-DA13-498D-B234-F3CAE3448D41}.Release|x86.Build.0 = Release|Win32
		{9791307D-4466-4CF9-BAD9-BE35CC6DCAD3}.Debug|x64.ActiveCfg = Debug|x64
		{9791307D-4466-4CF9-BAD9-BE35CC6DCAD3}.Debug|x64.Build.0 = Debug|x64
		{9791307D-4466-4CF9-BAD9-BE35CC6DCAD3}.Debug|x86.ActiveCfg = Debug|Win32
		{9791307D-4466-4CF9-BAD9-BE35CC6DCAD3}.Debug|x86.Build.0 = Debug|Win32
		{9791307D-4466-4CF9-BAD9-BE35CC6DCAD3}.Release|x64.ActiveCfg = Release|x64
		{9791307D-4466-4CF9-BAD9-BE35CC6DCAD3}.Release|x64.Build.0 = Release|x64
		{9791307D-4466-4CF9-BAD9-BE35CC6DCAD3}.Release|x86.ActiveCfg = Release|Win32
		{9791307D-4466-4CF9-BAD9-BE35CC6DCAD3}.Release|x86.Build.0 = Release|Win32
		{C434EA41-FC5F-4D9E-B051-4117283FF927}.Debug|x64.ActiveCfg = Debug|x64
		{C434EA41-FC5F-4D9E-B051-4117283FF927}.Debug|x64.Build.0 = Debug|x64
		{C434EA41-FC5F-4D9E-B051-4117283FF927}.Debug|x86.ActiveCfg = Debug|Win32
		{C434EA41-FC5F-4D9E-B051-4117283FF927}.Debug|x86.Build.0 = Debug|Win32
		{C434EA41-FC5F-4D9E-B051-4117283FF927}.Release|x64.ActiveCfg = Release|x64
		{C434EA41-FC5F-4D9E-B051-4117283FF927}.Release|x64.Build.0 = Release|x64
		{C434EA41-FC5F-4D9E-B051-4117283FF927}.Release|x86.ActiveCfg = Release|Win32
		{C434EA41-FC5F-4D9E-B051-4117283FF927}.Release|x86.Build.0 = Release|Win32
		{9C7CF433-C5FC-450F-AF4D-9EF2F59DCD22}.Debug|x64.ActiveCfg = Debug|x64
		{9C7CF433-C5FC-450F-AF4D-9EF2F59DCD22}.Debug|x64.Build.0 = Debug|x64
		{9C7CF433-C5FC-450F-AF4D-9EF2F59DCD22}.Debug|x86.ActiveCfg = Debug|Win32
		{9C7CF433-C5FC-450F-AF4D-9EF2F59DCD22}.Debug|x86.Build.0 = Debug|Win32
		{9C7CF433-C5FC-450F-AF4D-9EF2F59DCD22}.Release|x64.ActiveCfg = Release|x64
		{9C7CF433-C5FC-450F-AF4D-9EF2F59DCD22}.Release|x64.Build.0 = Release|x64
		{9C7CF433-C5FC-450F-AF4D-9EF2F59DCD22}.Release|x86.ActiveCfg = Release|Win32
		{9C7CF433-C5FC-450F-AF4D-9EF2F59DCD22}.Release|x86.Build.0 = Release|Win32
		{346F6AA8-F8E9-4764-B832-EE3D30BDF2B3}.Debug|x64.ActiveCfg = Debug|x64
		{346F6AA8-F8E9-4764-B832-EE3D30BDF2B3}.Debug|x64.Build.0 = Debug|x64
		{346F6AA8-F8E9-4764-B832-EE3D30BDF2B3}.Debug|x86.ActiveCfg = Debug|Win32
		{346F6AA8-F8E9-4764-B832-EE3D30BDF2B3}.Debug|x86.Build.0 = Debug|Win32
		{346F6AA8-F8E9-4764-B832-EE3D30BDF2B3}.Release|x64.ActiveCfg = Release|x64
		{346F6AA8-F8E9-4764-B832-EE3D30BDF2B3}.Release|x64.Build.0 = Release|x64
		{346F6AA8-F8E9-4764-B832-EE3D30BDF2B3}.Release|x86.ActiveCfg = Release|Win32
		{346F6AA8-F8E9-4764-B832-EE3D30BDF2B3}.Release|x86.Build.0 = Release|Win32
		{99EB5BA1-18CB-439B-8782-987AB179C527}.Debug|x64.ActiveCfg = Debug|x64
		{99EB5BA1-18CB-439B-8782-987AB179C527}.Debug|x64.Build.0 = Debug|x64
		{99EB5BA1-18CB-439B-8782-987AB179C527}.Debug|x86.ActiveCfg = Debug|Win32
		{99EB5BA1-18CB-439B-8782-987AB179C527}.Debug|x86.Build.0 = Debug|Win32
		{99EB5BA1-18CB-439B-8782-987AB179C527}.Release|x64.ActiveCfg = Release|x64
		{99EB5BA1-18CB-439B-8782-987AB179C527}.Release|x64.Build.0 = Release|x64
		{99EB5BA1-18CB-439B-8782-987AB179C527}.Release|x86.ActiveCfg = Release|Win32
		{99EB5BA1-18CB-439B-8782-987AB179C527}.Release|x86.Build.0 = Release|Win32
		{2C1B543F-C267-40D2-A4C6-522101C4FFD2}.Debug|x64.ActiveCfg = Debug|x64
		{2C1B543F-C267-40D2-A4C6-522101C4FFD2}.Debug|x64.Build.0 = Debug|x64
		{2C1B543F-C267-40D2-A4C6-522101C4FFD2}.Debug|x86.ActiveCfg = Debug|Win32
		{2C1B543F-C267-40D2-A4C6-522101C4FFD2}.Debug|x86.Build.0 = Debug|Win32
		{2C1B543F-C267-40D2-A4C6-522101C4FFD2}.Release|x64.ActiveCfg = Release|x64
		{2C1B543F-C267-40D2-A4C6-522101C4FFD2}.Release|x64.Build.0 = Release|x64
		{2C1B543F-C267-40D2-A4C6-522101C4FFD2}.Release|x86.ActiveCfg = Release|Win32
		{2C1B543F-C267-40D2-A4C6-522101C4FFD2}.Release|x86.Build.0 = Release|Win32
		{1B83140D-BF02-4CE1-9050-449B0D44DB98}.Debug|x64.ActiveCfg = Debug|x64
		{1B83140D-BF02-4CE1-9050-449B0D44DB98}.Debug|x64.Build.0 = Debug|x64
		{1B83140D-BF02-4CE1-9050-449B0D44DB98}.Debug|x86.ActiveCfg = Debug|Win32
		{1B83140D-BF02-4CE1-9050-449B0D44DB98}.Debug|x86.Build.0 = Debug|Win32
		{1B83140D-BF02-4CE1-9050-449B0D44DB98}.Release|x64.ActiveCfg = Release|x64
		{1B83140D-BF02-4CE1-9050-449B0D44DB98}.Release|x64.Build.0 = Release|x64
		{1B83140D-BF02-4CE1-9050-449B0D44DB98}.Release|x86.ActiveCfg = Release|Win32
		{1B83140D-BF02-4CE1-9050-449B0D44DB98}.Release|x86.Build.0 = Release|Win32
	EndGlobalSection
	GlobalSection(SolutionProperties) = preSolution
		HideSolutionNode = FALSE
	EndGlobalSection
	GlobalSection(NestedProjects) = preSolution
		{9C7CF433-C5FC-450F-AF4D-9EF2F59DCD22} = {7098FBD1-9AFE-486F-A1FD-6B27EB90704E}
		{346F6AA8-F8E9-4764-B832-EE3D30BDF2B3} = {7098FBD1-9AFE-486F-A1FD-6B27EB90704E}
		{99EB5BA1-18CB-439B-8782-987AB179C527} = {7098FBD1-9AFE-486F-A1FD-6B27EB90704E}
	EndGlobalSection
	GlobalSection(ExtensibilityGlobals) = postSolution
		SolutionGuid = {1B822067-EF19-4811-9A66-C4F46CE0F830}
	EndGlobalSection
EndGlobal
